Microsoft Visual Studio Solution File, Format Version 12.00
# Visual Studio Version 17
VisualStudioVersion = 17.5.2.0
MinimumVisualStudioVersion = 10.0.40219.1
Project("{FAE04EC0-301F-11D3-BF4B-00C04F79EFBC}") = "Spring2026-Project3-vcmadu", "Spring2026-Project3-vcmadu.csproj", "{AB056317-D062-21D0-EC27-D42F260E8358}"
EndProject
Global
	GlobalSection(SolutionConfigurationPlatforms) = preSolution
		Debug|Any CPU = Debug|Any CPU
		Release|Any CPU = Release|Any CPU
	EndGlobalSection
	GlobalSection(ProjectConfigurationPlatforms) = postSolution
		{AB056317-D062-21D0-EC27-D42F260E8358}.Debug|Any CPU.ActiveCfg = Debug|Any CPU
		{AB056317-D062-21D0-EC27-D42F260E8358}.Debug|Any CPU.Build.0 = Debug|Any CPU
		{AB056317-D062-21D0-EC27-D42F260E8358}.Release|Any CPU.ActiveCfg = Release|Any CPU
		{AB056317-D062-21D0-EC27-D42F260E8358}.Release|Any CPU.Build.0 = Release|Any CPU
	EndGlobalSection
	GlobalSection(SolutionProperties) = preSolution
		HideSolutionNode = FALSE
	EndGlobalSection
	GlobalSection(ExtensibilityGlobals) = postSolution
		SolutionGuid = {7D1F1F3E-900C-42F7-B9B4-7F5C4A11D942}
	EndGlobalSection
EndGlobal
